github.com/stephen-mahon/games-with-go v0.0.0-20210629041305-c29d9503ef08 h1:I2wqicRZ/RQdQ1oKvnrVFm5ANarO6isvksj5p7HDwkQ=
github.com/stephen-mahon/games-with-go v0.0.0-20210629041305-c29d9503ef08/go.mod h1:TGodaTvYNJJH7DX50hbmDwgVfSRF7h/RkDxSkIA6IY8=
github.com/veandco/go-sdl2 v0.4.8 h1:A26KeX6R1CGt/BQGEov6oxYmVGMMEWDVqTvK1tXvahE=
github.com/veandco/go-sdl2 v0.4.8/go.mod h1:OROqMhHD43nT4/i9crJukyVecjPNYYuCofep6SNiAjY=
